// !$*UTF8*$!
{
	archiveVersion = 1;
	classes = {
	};
	objectVersion = 48;
	objects = {

/* Begin PBXBuildFile section */
		5DDCF2EB201DDCE6004ED98C /* AppDelegate.swift in Sources */ = {isa = PBXBuildFile; fileRef = 5DDCF2EA201DDCE6004ED98C /* AppDelegate.swift */; };
		5DDCF2ED201DDCE6004ED98C /* ViewController.swift in Sources */ = {isa = PBXBuildFile; fileRef = 5DDCF2EC201DDCE6004ED98C /* ViewController.swift */; };
		5DDCF2F0201DDCE6004ED98C /* Main.storyboard in Resources */ = {isa = PBXBuildFile; fileRef = 5DDCF2EE201DDCE6004ED98C /* Main.storyboard */; };
		5DDCF2F2201DDCE6004ED98C /* Assets.xcassets in Resources */ = {isa = PBXBuildFile; fileRef = 5DDCF2F1201DDCE6004ED98C /* Assets.xcassets */; };
		5DDCF2F5201DDCE6004ED98C /* LaunchScreen.storyboard in Resources */ = {isa = PBXBuildFile; fileRef = 5DDCF2F3201DDCE6004ED98C /* LaunchScreen.storyboard */; };
		5DDCF2FD201DDD34004ED98C /* File.swift in Sources */ = {isa = PBXBuildFile; fileRef = 5DDCF2FC201DDD34004ED98C /* File.swift */; };
/* End PBXBuildFile section */

/* Begin PBXFileReference section */
		5DDCF2E7201DDCE6004ED98C /* iTest3.app */ = {isa = PBXFileReference; explicitFileType = wrapper.application; includeInIndex = 0; path = iTest3.app; sourceTree = BUILT_PRODUCTS_DIR; };
		5DDCF2EA201DDCE6004ED98C /* AppDelegate.swift */ = {isa = PBXFileReference; lastKnownFileType = sourcecode.swift; path = AppDelegate.swift; sourceTree = "<group>"; };
		5DDCF2EC201DDCE6004ED98C /* ViewController.swift */ = {isa = PBXFileReference; lastKnownFileType = sourcecode.swift; path = ViewController.swift; sourceTree = "<group>"; };
		5DDCF2EF201DDCE6004ED98C /* Base */ = {isa = PBXFileReference; lastKnownFileType = file.storyboard; name = Base; path = Base.lproj/Main.storyboard; sourceTree = "<group>"; };
		5DDCF2F1201DDCE6004ED98C /* Assets.xcassets */ = {isa = PBXFileReference; lastKnownFileType = folder.assetcatalog; path = Assets.xcassets; sourceTree = "<group>"; };
		5DDCF2F4201DDCE6004ED98C /* Base */ = {isa = PBXFileReference; lastKnownFileType = file.storyboard; name = Base; path = Base.lproj/LaunchScreen.storyboard; sourceTree = "<group>"; };
		5DDCF2F6201DDCE6004ED98C /* Info.plist */ = {isa = PBXFileReference; lastKnownFileType = text.plist.xml; path = Info.plist; sourceTree = "<group>"; };
		5DDCF2FC201DDD34004ED98C /* File.swift */ = {isa = PBXFileReference; lastKnownFileType = sourcecode.swift; path = File.swift; sourceTree = "<group>"; };
/* End PBXFileReference section */

/* Begin PBXFrameworksBuildPhase section */
		5DDCF2E4201DDCE6004ED98C /* Frameworks */ = {
			isa = PBXFrameworksBuildPhase;
			buildActionMask = 2147483647;
			files = (
			);
			runOnlyForDeploymentPostprocessing = 0;
		};
/* End PBXFrameworksBuildPhase section */

/* Begin PBXGroup section */
		5DDCF2DE201DDCE6004ED98C = {
			isa = PBXGroup;
			children = (
				5DDCF2E9201DDCE6004ED98C /* iTest3 */,
				5DDCF2E8201DDCE6004ED98C /* Products */,
			);
			sourceTree = "<group>";
		};
		5DDCF2E8201DDCE6004ED98C /* Products */ = {
			isa = PBXGroup;
			children = (
				5DDCF2E7201DDCE6004ED98C /* iTest3.app */,
			);
			name = Products;
			sourceTree = "<group>";
		};
		5DDCF2E9201DDCE6004ED98C /* iTest3 */ = {
			isa = PBXGroup;
			children = (
				5DDCF2EA201DDCE6004ED98C /* AppDelegate.swift */,
				5DDCF2EC201DDCE6004ED98C /* ViewController.swift */,
				5DDCF2EE201DDCE6004ED98C /* Main.storyboard */,
				5DDCF2F1201DDCE6004ED98C /* Assets.xcassets */,
				5DDCF2F3201DDCE6004ED98C /* LaunchScreen.storyboard */,
				5DDCF2F6201DDCE6004ED98C /* Info.plist */,
				5DDCF2FC201DDD34004ED98C /* File.swift */,
			);
			path = iTest3;
			sourceTree = "<group>";
		};
/* End PBXGroup section */

/* Begin PBXNativeTarget section */
		5DDCF2E6201DDCE6004ED98C /* iTest3 */ = {
			isa = PBXNativeTarget;
			buildConfigurationList = 5DDCF2F9201DDCE6004ED98C /* Build configuration list for PBXNativeTarget "iTest3" */;
			buildPhases = (
				5DDCF2E3201DDCE6004ED98C /* Sources */,
				5DDCF2E4201DDCE6004ED98C /* Frameworks */,
				5DDCF2E5201DDCE6004ED98C /* Resources */,
			);
			buildRules = (
			);
			dependencies = (
			);
			name = iTest3;
			productName = iTest3;
			productReference = 5DDCF2E7201DDCE6004ED98C /* iTest3.app */;
			productType = "com.apple.product-type.application";
		};
/* End PBXNativeTarget section */

/* Begin PBXProject section */
		5DDCF2DF201DDCE6004ED98C /* Project object */ = {
			isa = PBXProject;
			attributes = {
				LastSwiftUpdateCheck = 0920;
				LastUpgradeCheck = 0920;
				ORGANIZATIONNAME = suheng;
				TargetAttributes = {
					5DDCF2E6201DDCE6004ED98C = {
						CreatedOnToolsVersion = 9.2;
						ProvisioningStyle = Automatic;
					};
				};
			};
			buildConfigurationList = 5DDCF2E2201DDCE6004ED98C /* Build configuration list for PBXProject "iTest3" */;
			compatibilityVersion = "Xcode 8.0";
			developmentRegion = en;
			hasScannedForEncodings = 0;
			knownRegions = (
				en,
				Base,
			);
			mainGroup = 5DDCF2DE201DDCE6004ED98C;
			productRefGroup = 5DDCF2E8201DDCE6004ED98C /* Products */;
			projectDirPath = "";
			projectRoot = "";
			targets = (
				5DDCF2E6201DDCE6004ED98C /* iTest3 */,
			);
		};
/* End PBXProject section */

/* Begin PBXResourcesBuildPhase section */
		5DDCF2E5201DDCE6004ED98C /* Resources */ = {
			isa = PBXResourcesBuildPhase;
			buildActionMask = 2147483647;
			files = (
				5DDCF2F5201DDCE6004ED98C /* LaunchScreen.storyboard in Resources */,
				5DDCF2F2201DDCE6004ED98C /* Assets.xcassets in Resources */,
				5DDCF2F0201DDCE6004ED98C /* Main.storyboard in Resources */,
			);
			runOnlyForDeploymentPostprocessing = 0;
		};
/* End PBXResourcesBuildPhase section */

/* Begin PBXSourcesBuildPhase section */
		5DDCF2E3201DDCE6004ED98C /* Sources */ = {
			isa = PBXSourcesBuildPhase;
			buildActionMask = 2147483647;
			files = (
				5DDCF2ED201DDCE6004ED98C /* ViewController.swift in Sources */,
				5DDCF2FD201DDD34004ED98C /* File.swift in Sources */,
				5DDCF2EB201DDCE6004ED98C /* AppDelegate.swift in Sources */,
			);
			runOnlyForDeploymentPostprocessing = 0;
		};
/* End PBXSourcesBuildPhase section */

/* Begin PBXVariantGroup section */
		5DDCF2EE201DDCE6004ED98C /* Main.storyboard */ = {
			isa = PBXVariantGroup;
			children = (
				5DDCF2EF201DDCE6004ED98C /* Base */,
			);
			name = Main.storyboard;
			sourceTree = "<group>";
		};
		5DDCF2F3201DDCE6004ED98C /* LaunchScreen.storyboard */ = {
			isa = PBXVariantGroup;
			children = (
				5DDCF2F4201DDCE6004ED98C /* Base */,
			);
			name = LaunchScreen.storyboard;
			sourceTree = "<group>";
		};
/* End PBXVariantGroup section */

/* Begin XCBuildConfiguration section */
		5DDCF2F7201DDCE6004ED98C /* Debug */ = {
			isa = XCBuildConfiguration;
			buildSettings = {
				ALWAYS_SEARCH_USER_PATHS = NO;
				CLANG_ANALYZER_NONNULL = YES;
				CLANG_ANALYZER_NUMBER_OBJECT_CONVERSION = YES_AGGRESSIVE;
				CLANG_CXX_LANGUAGE_STANDARD = "gnu++14";
				CLANG_CXX_LIBRARY = "libc++";
				CLANG_ENABLE_MODULES = YES;
				CLANG_ENABLE_OBJC_ARC = YES;
				CLANG_WARN_BLOCK_CAPTURE_AUTORELEASING = YES;
				CLANG_WARN_BOOL_CONVERSION = YES;
				CLANG_WARN_COMMA = YES;
				CLANG_WARN_CONSTANT_CONVERSION = YES;
				CLANG_WARN_DIRECT_OBJC_ISA_USAGE = YES_ERROR;
				CLANG_WARN_DOCUMENTATION_COMMENTS = YES;
				CLANG_WARN_EMPTY_BODY = YES;
				CLANG_WARN_ENUM_CONVERSION = YES;
				CLANG_WARN_INFINITE_RECURSION = YES;
				CLANG_WARN_INT_CONVERSION = YES;
				CLANG_WARN_NON_LITERAL_NULL_CONVERSION = YES;
				CLANG_WARN_OBJC_LITERAL_CONVERSION = YES;
				CLANG_WARN_OBJC_ROOT_CLASS = YES_ERROR;
				CLANG_WARN_RANGE_LOOP_ANALYSIS = YES;
				CLANG_WARN_STRICT_PROTOTYPES = YES;
				CLANG_WARN_SUSPICIOUS_MOVE = YES;
				CLANG_WARN_UNGUARDED_AVAILABILITY = YES_AGGRESSIVE;
				CLANG_WARN_UNREACHABLE_CODE = YES;
				CLANG_WARN__DUPLICATE_METHOD_MATCH = YES;
				CODE_SIGN_IDENTITY = "iPhone Developer";
				COPY_PHASE_STRIP = NO;
				DEBUG_INFORMATION_FORMAT = dwarf;
				ENABLE_STRICT_OBJC_MSGSEND = YES;
				ENABLE_TESTABILITY = YES;
				GCC_C_LANGUAGE_STANDARD = gnu11;
				GCC_DYNAMIC_NO_PIC = NO;
				GCC_NO_COMMON_BLOCKS = YES;
				GCC_OPTIMIZATION_LEVEL = 0;
				GCC_PREPROCESSOR_DEFINITIONS = (
					"DEBUG=1",
					"$(inherited)",
				);
				GCC_WARN_64_TO_32_BIT_CONVERSION = YES;
				GCC_WARN_ABOUT_RETURN_TYPE = YES_ERROR;
				GCC_WARN_UNDECLARED_SELECTOR = YES;
				GCC_WARN_UNINITIALIZED_AUTOS = YES_AGGRESSIVE;
				GCC_WARN_UNUSED_FUNCTION = YES;
				GCC_WARN_UNUSED_VARIABLE = YES;
				IPHONEOS_DEPLOYMENT_TARGET = 11.2;
				MTL_ENABLE_DEBUG_INFO = YES;
				ONLY_ACTIVE_ARCH = YES;
				SDKROOT = iphoneos;
				SWIFT_ACTIVE_COMPILATION_CONDITIONS = DEBUG;
				SWIFT_OPTIMIZATION_LEVEL = "-Onone";
			};
			name = Debug;
		};
		5DDCF2F8201DDCE6004ED98C /* Release */ = {
			isa = XCBuildConfiguration;
			buildSettings = {
				ALWAYS_SEARCH_USER_PATHS = NO;
				CLANG_ANALYZER_NONNULL = YES;
				CLANG_ANALYZER_NUMBER_OBJECT_CONVERSION = YES_AGGRESSIVE;
				CLANG_CXX_LANGUAGE_STANDARD = "gnu++14";
				CLANG_CXX_LIBRARY = "libc++";
				CLANG_ENABLE_MODULES = YES;
				CLANG_ENABLE_OBJC_ARC = YES;
				CLANG_WARN_BLOCK_CAPTURE_AUTORELEASING = YES;
				CLANG_WARN_BOOL_CONVERSION = YES;
				CLANG_WARN_COMMA = YES;
				CLANG_WARN_CONSTANT_CONVERSION = YES;
				CLANG_WARN_DIRECT_OBJC_ISA_USAGE = YES_ERROR;
				CLANG_WARN_DOCUMENTATION_COMMENTS = YES;
				CLANG_WARN_EMPTY_BODY = YES;
				CLANG_WARN_ENUM_CONVERSION = YES;
				CLANG_WARN_INFINITE_RECURSION = YES;
				CLANG_WARN_INT_CONVERSION = YES;
				CLANG_WARN_NON_LITERAL_NULL_CONVERSION = YES;
				CLANG_WARN_OBJC_LITERAL_CONVERSION = YES;
				CLANG_WARN_OBJC_ROOT_CLASS = YES_ERROR;
				CLANG_WARN_RANGE_LOOP_ANALYSIS = YES;
				CLANG_WARN_STRICT_PROTOTYPES = YES;
				CLANG_WARN_SUSPICIOUS_MOVE = YES;
				CLANG_WARN_UNGUARDED_AVAILABILITY = YES_AGGRESSIVE;
				CLANG_WARN_UNREACHABLE_CODE = YES;
				CLANG_WARN__DUPLICATE_METHOD_MATCH = YES;
				CODE_SIGN_IDENTITY = "iPhone Developer";
				COPY_PHASE_STRIP = NO;
				DEBUG_INFORMATION_FORMAT = "dwarf-with-dsym";
				ENABLE_NS_ASSERTIONS = NO;
				ENABLE_STRICT_OBJC_MSGSEND = YES;
				GCC_C_LANGUAGE_STANDARD = gnu11;
				GCC_NO_COMMON_BLOCKS = YES;
				GCC_WARN_64_TO_32_BIT_CONVERSION = YES;
				GCC_WARN_ABOUT_RETURN_TYPE = YES_ERROR;
				GCC_WARN_UNDECLARED_SELECTOR = YES;
				GCC_WARN_UNINITIALIZED_AUTOS = YES_AGGRESSIVE;
				GCC_WARN_UNUSED_FUNCTION = YES;
				GCC_WARN_UNUSED_VARIABLE = YES;
				IPHONEOS_DEPLOYMENT_TARGET = 11.2;
				MTL_ENABLE_DEBUG_INFO = NO;
				SDKROOT = iphoneos;
				SWIFT_OPTIMIZATION_LEVEL = "-Owholemodule";
				VALIDATE_PRODUCT = YES;
			};
			name = Release;
		};
		5DDCF2FA201DDCE6004ED98C /* Debug */ = {
			isa = XCBuildConfiguration;
			buildSettings = {
				ASSETCATALOG_COMPILER_APPICON_NAME = AppIcon;
				CODE_SIGN_STYLE = Automatic;
				DEVELOPMENT_TEAM = 6NG22CPJFD;
				INFOPLIST_FILE = iTest3/Info.plist;
				LD_RUNPATH_SEARCH_PATHS = "$(inherited) @executable_path/Frameworks";
				PRODUCT_BUNDLE_IDENTIFIER = com.suheng.iTest3;
				PRODUCT_NAME = "$(TARGET_NAME)";
				SWIFT_VERSION = 4.0;
				TARGETED_DEVICE_FAMILY = "1,2";
			};
			name = Debug;
		};
		5DDCF2FB201DDCE6004ED98C /* Release */ = {
			isa = XCBuildConfiguration;
			buildSettings = {
				ASSETCATALOG_COMPILER_APPICON_NAME = AppIcon;
				CODE_SIGN_STYLE = Automatic;
				DEVELOPMENT_TEAM = 6NG22CPJFD;
				INFOPLIST_FILE = iTest3/Info.plist;
				LD_RUNPATH_SEARCH_PATHS = "$(inherited) @executable_path/Frameworks";
				PRODUCT_BUNDLE_IDENTIFIER = com.suheng.iTest3;
				PRODUCT_NAME = "$(TARGET_NAME)";
				SWIFT_VERSION = 4.0;
				TARGETED_DEVICE_FAMILY = "1,2";
			};
			name = Release;
		};
/* End XCBuildConfiguration section */

/* Begin XCConfigurationList section */
		5DDCF2E2201DDCE6004ED98C /* Build configuration list for PBXProject "iTest3" */ = {
			isa = XCConfigurationList;
			buildConfigurations = (
				5DDCF2F7201DDCE6004ED98C /* Debug */,
				5DDCF2F8201DDCE6004ED98C /* Release */,
			);
			defaultConfigurationIsVisible = 0;
			defaultConfigurationName = Release;
		};
		5DDCF2F9201DDCE6004ED98C /* Build configuration list for PBXNativeTarget "iTest3" */ = {
			isa = XCConfigurationList;
			buildConfigurations = (
				5DDCF2FA201DDCE6004ED98C /* Debug */,
				5DDCF2FB201DDCE6004ED98C /* Release */,
			);
			defaultConfigurationIsVisible = 0;
			defaultConfigurationName = Release;
		};
/* End XCConfigurationList section */
	};
	rootObject = 5DDCF2DF201DDCE6004ED98C /* Project object */;
}
